
Microsoft Visual Studio Solution File, Format Version 12.00
# Visual Studio 15
VisualStudioVersion = 15.0.27428.2015
MinimumVisualStudioVersion = 10.0.40219.1
Project("{888888A0-9F3D-457C-B088-3A5042F75D52}") = "LogSim", "LogSim\LogSim.pyproj", "{98CE689F-4CBD-48B4-B500-940A4B93A065}"
EndProject
Global
	GlobalSection(SolutionConfigurationPlatforms) = preSolution
		Debug|Any CPU = Debug|Any CPU
		Release|Any CPU = Release|Any CPU
	EndGlobalSection
	GlobalSection(ProjectConfigurationPlatforms) = postSolution
		{98CE689F-4CBD-48B4-B500-940A4B93A065}.Debug|Any CPU.ActiveCfg = Debug|Any CPU
		{98CE689F-4CBD-48B4-B500-940A4B93A065}.Release|Any CPU.ActiveCfg = Release|Any CPU
	EndGlobalSection
	GlobalSection(SolutionProperties) = preSolution
		HideSolutionNode = FALSE
	EndGlobalSection
	GlobalSection(ExtensibilityGlobals) = postSolution
		SolutionGuid = {6F7D7070-05E2-4B4F-8918-3FF51B87E3C5}
	EndGlobalSection
EndGlobal
